
Microsoft Visual Studio Solution File, Format Version 12.00
# Visual Studio Version 16
VisualStudioVersion = 16.0.30204.135
MinimumVisualStudioVersion = 10.0.40219.1
Project("{9A19103F-16F7-4668-BE54-9A1E7A4F7556}") = "Api", "src\web\backend\api\Api.csproj", "{4603BC6E-77AC-4D32-9C59-50D94896536E}"
EndProject
Project("{2150E333-8FDC-42A3-9474-1A3956D46DE8}") = "web", "web", "{2FB30EBA-70B5-4DF2-ADB5-1881956DE6F7}"
EndProject
Project("{9A19103F-16F7-4668-BE54-9A1E7A4F7556}") = "Auth", "src\web\backend\auth\Auth.csproj", "{15B789E6-7672-4D29-9EC0-F5F5270FBA41}"
EndProject
Project("{2150E333-8FDC-42A3-9474-1A3956D46DE8}") = "lib", "lib", "{F5FE5FAB-60B2-4DA0-8B1F-C0C3F93D842F}"
EndProject
Project("{9A19103F-16F7-4668-BE54-9A1E7A4F7556}") = "Common.Domain", "src\lib\common\domain\Common.Domain.csproj", "{A21ABB81-1038-423B-AE72-D6F2672B7299}"
EndProject
Project("{2150E333-8FDC-42A3-9474-1A3956D46DE8}") = "common", "common", "{39CAE673-BAA3-48AE-8C64-C9E8B8BD7CE4}"
EndProject
Project("{9A19103F-16F7-4668-BE54-9A1E7A4F7556}") = "Common.Infra", "src\lib\common\infra\Common.Infra.csproj", "{DCFCC8E1-E1F7-4B8C-BB2A-7B20AED5E8C0}"
EndProject
Project("{9A19103F-16F7-4668-BE54-9A1E7A4F7556}") = "Membership.Application", "src\lib\membership\application\Membership.Application.csproj", "{42E4AFA8-FF95-4473-9D89-4633D16ED289}"
EndProject
Project("{2150E333-8FDC-42A3-9474-1A3956D46DE8}") = "membership", "membership", "{7B660D47-398B-451E-9074-1366A33A238F}"
EndProject
Project("{2150E333-8FDC-42A3-9474-1A3956D46DE8}") = "backend", "backend", "{533B7A29-432A-4591-950D-C0B6A17ECF45}"
EndProject
Project("{2150E333-8FDC-42A3-9474-1A3956D46DE8}") = "frontend", "frontend", "{EC3FD76C-8B00-4C7E-863E-D20DE1DBBC99}"
EndProject
Project("{9A19103F-16F7-4668-BE54-9A1E7A4F7556}") = "Membership.Domain", "src\lib\membership\domain\Membership.Domain.csproj", "{E583837D-8AC2-47CE-8077-10BB1705B2FC}"
EndProject
Project("{9A19103F-16F7-4668-BE54-9A1E7A4F7556}") = "Membership.Infra", "src\lib\membership\infra\Membership.Infra.csproj", "{386871A8-A91B-42D2-8BAC-3C2E8D164517}"
EndProject
Project("{9A19103F-16F7-4668-BE54-9A1E7A4F7556}") = "App", "src\web\frontend\app\App.csproj", "{DE6336DA-2E96-4BE3-BE29-31B4BE7283A2}"
EndProject
Project("{2150E333-8FDC-42A3-9474-1A3956D46DE8}") = "src", "src", "{1F07F8C0-4B10-4F98-8908-71842248C127}"
	ProjectSection(SolutionItems) = preProject
		.env = .env
		README.md = README.md
	EndProjectSection
EndProject
Project("{2150E333-8FDC-42A3-9474-1A3956D46DE8}") = "tests", "tests", "{EAAD54EE-875B-4C15-BFB0-9AB3D03FD181}"
EndProject
Project("{9A19103F-16F7-4668-BE54-9A1E7A4F7556}") = "Common.Env", "src\lib\common\env\Common.Env.csproj", "{11023696-3CAC-4DA4-A135-44F4CBE90BD0}"
EndProject
Project("{9A19103F-16F7-4668-BE54-9A1E7A4F7556}") = "Common.Domain.Tests", "tests\lib\common\domain\Common.Domain.Tests.csproj", "{401951E3-5C3C-47D7-9BC1-94866D9C02A4}"
EndProject
Project("{2150E333-8FDC-42A3-9474-1A3956D46DE8}") = "lib", "lib", "{377D76DA-002C-47E3-B555-426CA2FBF8B1}"
EndProject
Project("{2150E333-8FDC-42A3-9474-1A3956D46DE8}") = "common", "common", "{9BF3ED8B-443D-446A-9406-A47EDD457E6F}"
EndProject
Project("{2150E333-8FDC-42A3-9474-1A3956D46DE8}") = "membership", "membership", "{2E3E09A4-BB11-4587-9C25-C79B780D7A53}"
EndProject
Project("{9A19103F-16F7-4668-BE54-9A1E7A4F7556}") = "Membership.Domain.Tests", "tests\lib\membership\domain\Membership.Domain.Tests.csproj", "{092C173C-5DF3-426F-BB43-A1234B2B08B7}"
EndProject
Project("{9A19103F-16F7-4668-BE54-9A1E7A4F7556}") = "Web.Common", "src\web\frontend\common\Web.Common.csproj", "{74425F84-3FA7-42E6-BD9A-340A4F06AB6E}"
EndProject
Global
	GlobalSection(SolutionConfigurationPlatforms) = preSolution
		Debug|Any CPU = Debug|Any CPU
		Release|Any CPU = Release|Any CPU
	EndGlobalSection
	GlobalSection(ProjectConfigurationPlatforms) = postSolution
		{4603BC6E-77AC-4D32-9C59-50D94896536E}.Debug|Any CPU.ActiveCfg = Debug|Any CPU
		{4603BC6E-77AC-4D32-9C59-50D94896536E}.Debug|Any CPU.Build.0 = Debug|Any CPU
		{4603BC6E-77AC-4D32-9C59-50D94896536E}.Release|Any CPU.ActiveCfg = Release|Any CPU
		{4603BC6E-77AC-4D32-9C59-50D94896536E}.Release|Any CPU.Build.0 = Release|Any CPU
		{15B789E6-7672-4D29-9EC0-F5F5270FBA41}.Debug|Any CPU.ActiveCfg = Debug|Any CPU
		{15B789E6-7672-4D29-9EC0-F5F5270FBA41}.Debug|Any CPU.Build.0 = Debug|Any CPU
		{15B789E6-7672-4D29-9EC0-F5F5270FBA41}.Release|Any CPU.ActiveCfg = Release|Any CPU
		{15B789E6-7672-4D29-9EC0-F5F5270FBA41}.Release|Any CPU.Build.0 = Release|Any CPU
		{A21ABB81-1038-423B-AE72-D6F2672B7299}.Debug|Any CPU.ActiveCfg = Debug|Any CPU
		{A21ABB81-1038-423B-AE72-D6F2672B7299}.Debug|Any CPU.Build.0 = Debug|Any CPU
		{A21ABB81-1038-423B-AE72-D6F2672B7299}.Release|Any CPU.ActiveCfg = Release|Any CPU
		{A21ABB81-1038-423B-AE72-D6F2672B7299}.Release|Any CPU.Build.0 = Release|Any CPU
		{DCFCC8E1-E1F7-4B8C-BB2A-7B20AED5E8C0}.Debug|Any CPU.ActiveCfg = Debug|Any CPU
		{DCFCC8E1-E1F7-4B8C-BB2A-7B20AED5E8C0}.Debug|Any CPU.Build.0 = Debug|Any CPU
		{DCFCC8E1-E1F7-4B8C-BB2A-7B20AED5E8C0}.Release|Any CPU.ActiveCfg = Release|Any CPU
		{DCFCC8E1-E1F7-4B8C-BB2A-7B20AED5E8C0}.Release|Any CPU.Build.0 = Release|Any CPU
		{42E4AFA8-FF95-4473-9D89-4633D16ED289}.Debug|Any CPU.ActiveCfg = Debug|Any CPU
		{42E4AFA8-FF95-4473-9D89-4633D16ED289}.Debug|Any CPU.Build.0 = Debug|Any CPU
		{42E4AFA8-FF95-4473-9D89-4633D16ED289}.Release|Any CPU.ActiveCfg = Release|Any CPU
		{42E4AFA8-FF95-4473-9D89-4633D16ED289}.Release|Any CPU.Build.0 = Release|Any CPU
		{E583837D-8AC2-47CE-8077-10BB1705B2FC}.Debug|Any CPU.ActiveCfg = Debug|Any CPU
		{E583837D-8AC2-47CE-8077-10BB1705B2FC}.Debug|Any CPU.Build.0 = Debug|Any CPU
		{E583837D-8AC2-47CE-8077-10BB1705B2FC}.Release|Any CPU.ActiveCfg = Release|Any CPU
		{E583837D-8AC2-47CE-8077-10BB1705B2FC}.Release|Any CPU.Build.0 = Release|Any CPU
		{386871A8-A91B-42D2-8BAC-3C2E8D164517}.Debug|Any CPU.ActiveCfg = Debug|Any CPU
		{386871A8-A91B-42D2-8BAC-3C2E8D164517}.Debug|Any CPU.Build.0 = Debug|Any CPU
		{386871A8-A91B-42D2-8BAC-3C2E8D164517}.Release|Any CPU.ActiveCfg = Release|Any CPU
		{386871A8-A91B-42D2-8BAC-3C2E8D164517}.Release|Any CPU.Build.0 = Release|Any CPU
		{DE6336DA-2E96-4BE3-BE29-31B4BE7283A2}.Debug|Any CPU.ActiveCfg = Debug|Any CPU
		{DE6336DA-2E96-4BE3-BE29-31B4BE7283A2}.Debug|Any CPU.Build.0 = Debug|Any CPU
		{DE6336DA-2E96-4BE3-BE29-31B4BE7283A2}.Release|Any CPU.ActiveCfg = Release|Any CPU
		{DE6336DA-2E96-4BE3-BE29-31B4BE7283A2}.Release|Any CPU.Build.0 = Release|Any CPU
		{11023696-3CAC-4DA4-A135-44F4CBE90BD0}.Debug|Any CPU.ActiveCfg = Debug|Any CPU
		{11023696-3CAC-4DA4-A135-44F4CBE90BD0}.Debug|Any CPU.Build.0 = Debug|Any CPU
		{11023696-3CAC-4DA4-A135-44F4CBE90BD0}.Release|Any CPU.ActiveCfg = Release|Any CPU
		{11023696-3CAC-4DA4-A135-44F4CBE90BD0}.Release|Any CPU.Build.0 = Release|Any CPU
		{401951E3-5C3C-47D7-9BC1-94866D9C02A4}.Debug|Any CPU.ActiveCfg = Debug|Any CPU
		{401951E3-5C3C-47D7-9BC1-94866D9C02A4}.Debug|Any CPU.Build.0 = Debug|Any CPU
		{401951E3-5C3C-47D7-9BC1-94866D9C02A4}.Release|Any CPU.ActiveCfg = Release|Any CPU
		{401951E3-5C3C-47D7-9BC1-94866D9C02A4}.Release|Any CPU.Build.0 = Release|Any CPU
		{092C173C-5DF3-426F-BB43-A1234B2B08B7}.Debug|Any CPU.ActiveCfg = Debug|Any CPU
		{092C173C-5DF3-426F-BB43-A1234B2B08B7}.Debug|Any CPU.Build.0 = Debug|Any CPU
		{092C173C-5DF3-426F-BB43-A1234B2B08B7}.Release|Any CPU.ActiveCfg = Release|Any CPU
		{092C173C-5DF3-426F-BB43-A1234B2B08B7}.Release|Any CPU.Build.0 = Release|Any CPU
		{74425F84-3FA7-42E6-BD9A-340A4F06AB6E}.Debug|Any CPU.ActiveCfg = Debug|Any CPU
		{74425F84-3FA7-42E6-BD9A-340A4F06AB6E}.Debug|Any CPU.Build.0 = Debug|Any CPU
		{74425F84-3FA7-42E6-BD9A-340A4F06AB6E}.Release|Any CPU.ActiveCfg = Release|Any CPU
		{74425F84-3FA7-42E6-BD9A-340A4F06AB6E}.Release|Any CPU.Build.0 = Release|Any CPU
	EndGlobalSection
	GlobalSection(SolutionProperties) = preSolution
		HideSolutionNode = FALSE
	EndGlobalSection
	GlobalSection(NestedProjects) = preSolution
		{4603BC6E-77AC-4D32-9C59-50D94896536E} = {533B7A29-432A-4591-950D-C0B6A17ECF45}
		{2FB30EBA-70B5-4DF2-ADB5-1881956DE6F7} = {1F07F8C0-4B10-4F98-8908-71842248C127}
		{15B789E6-7672-4D29-9EC0-F5F5270FBA41} = {533B7A29-432A-4591-950D-C0B6A17ECF45}
		{F5FE5FAB-60B2-4DA0-8B1F-C0C3F93D842F} = {1F07F8C0-4B10-4F98-8908-71842248C127}
		{A21ABB81-1038-423B-AE72-D6F2672B7299} = {39CAE673-BAA3-48AE-8C64-C9E8B8BD7CE4}
		{39CAE673-BAA3-48AE-8C64-C9E8B8BD7CE4} = {F5FE5FAB-60B2-4DA0-8B1F-C0C3F93D842F}
		{DCFCC8E1-E1F7-4B8C-BB2A-7B20AED5E8C0} = {39CAE673-BAA3-48AE-8C64-C9E8B8BD7CE4}
		{42E4AFA8-FF95-4473-9D89-4633D16ED289} = {7B660D47-398B-451E-9074-1366A33A238F}
		{7B660D47-398B-451E-9074-1366A33A238F} = {F5FE5FAB-60B2-4DA0-8B1F-C0C3F93D842F}
		{533B7A29-432A-4591-950D-C0B6A17ECF45} = {2FB30EBA-70B5-4DF2-ADB5-1881956DE6F7}
		{EC3FD76C-8B00-4C7E-863E-D20DE1DBBC99} = {2FB30EBA-70B5-4DF2-ADB5-1881956DE6F7}
		{E583837D-8AC2-47CE-8077-10BB1705B2FC} = {7B660D47-398B-451E-9074-1366A33A238F}
		{386871A8-A91B-42D2-8BAC-3C2E8D164517} = {7B660D47-398B-451E-9074-1366A33A238F}
		{DE6336DA-2E96-4BE3-BE29-31B4BE7283A2} = {EC3FD76C-8B00-4C7E-863E-D20DE1DBBC99}
		{11023696-3CAC-4DA4-A135-44F4CBE90BD0} = {39CAE673-BAA3-48AE-8C64-C9E8B8BD7CE4}
		{401951E3-5C3C-47D7-9BC1-94866D9C02A4} = {9BF3ED8B-443D-446A-9406-A47EDD457E6F}
		{377D76DA-002C-47E3-B555-426CA2FBF8B1} = {EAAD54EE-875B-4C15-BFB0-9AB3D03FD181}
		{9BF3ED8B-443D-446A-9406-A47EDD457E6F} = {377D76DA-002C-47E3-B555-426CA2FBF8B1}
		{2E3E09A4-BB11-4587-9C25-C79B780D7A53} = {377D76DA-002C-47E3-B555-426CA2FBF8B1}
		{092C173C-5DF3-426F-BB43-A1234B2B08B7} = {2E3E09A4-BB11-4587-9C25-C79B780D7A53}
		{74425F84-3FA7-42E6-BD9A-340A4F06AB6E} = {EC3FD76C-8B00-4C7E-863E-D20DE1DBBC99}
	EndGlobalSection
	GlobalSection(ExtensibilityGlobals) = postSolution
		SolutionGuid = {88F8FEE2-8CFA-44FD-8910-81EA1C75CE5D}
	EndGlobalSection
EndGlobal
